{
  "version": "5",
  "specifiers": {
    "jsr:@noble/curves@1.9.0": "1.9.0",
    "jsr:@noble/hashes@1.8.0": "1.8.0",
    "jsr:@noble/secp256k1@2.3.0": "2.3.0",
    "jsr:@nomadshiba/codec@0.3.0-preview.12": "0.3.0-preview.12",
    "jsr:@purifyjs/core@0.4": "0.4.0",
    "jsr:@std/assert@*": "1.0.18",
    "jsr:@std/assert@^1.0.17": "1.0.19",
    "jsr:@std/assert@^1.0.19": "1.0.19",
    "jsr:@std/async@^1.3.0": "1.3.0",
    "jsr:@std/bytes@1.0.6": "1.0.6",
    "jsr:@std/bytes@^1.0.6": "1.0.6",
    "jsr:@std/cli@^1.0.29": "1.0.29",
    "jsr:@std/crypto@^1.1.0": "1.1.0",
    "jsr:@std/data-structures@^1.0.11": "1.0.11",
    "jsr:@std/encoding@*": "1.0.10",
    "jsr:@std/encoding@1.0.10": "1.0.10",
    "jsr:@std/encoding@^1.0.10": "1.0.10",
    "jsr:@std/fmt@^1.0.10": "1.0.10",
    "jsr:@std/fs@1.0.19": "1.0.19",
    "jsr:@std/fs@^1.0.23": "1.0.23",
    "jsr:@std/html@^1.0.6": "1.0.6",
    "jsr:@std/http@^1.1.0": "1.1.0",
    "jsr:@std/internal@^1.0.10": "1.0.12",
    "jsr:@std/internal@^1.0.12": "1.0.12",
    "jsr:@std/internal@^1.0.9": "1.0.12",
    "jsr:@std/media-types@^1.1.0": "1.1.0",
    "jsr:@std/net@^1.0.6": "1.0.6",
    "jsr:@std/path@1.1.2": "1.1.2",
    "jsr:@std/path@^1.1.1": "1.1.4",
    "jsr:@std/path@^1.1.4": "1.1.4",
    "jsr:@std/streams@1.0.12": "1.0.12",
    "jsr:@std/streams@^1.1.0": "1.1.0",
    "jsr:@std/testing@*": "1.0.17",
    "jsr:@std/uuid@^1.1.1": "1.1.1",
    "npm:@jsr/nomadshiba__codec@0.2.0": "0.2.0"
  },
  "jsr": {
    "@noble/curves@1.9.0": {
      "integrity": "efa55b3375b755706462a083060ee91e1f79973568cb670f02e885538ed1661b",
      "dependencies": [
        "jsr:@noble/hashes"
      ]
    },
    "@noble/hashes@1.8.0": {
      "integrity": "b52a2fcb4d02f8d8137871564a31f1ee9e2b0d15eedabbf32d2f7333f0abc939"
    },
    "@noble/secp256k1@2.3.0": {
      "integrity": "63eb4479a7c548e0ddea1cb5ea9bf7efacafe495e7f1c07bce1b4108df95967f"
    },
    "@nomadshiba/codec@0.3.0-preview.12": {
      "integrity": "1e194d4412fc0194ba309a890e357ef421436d1d5515d914bca0fbf409fb7cc7"
    },
    "@purifyjs/core@0.4.0": {
      "integrity": "b5495df887c85e0f7c17ebf37e021c79972ace33f8bd6f30cb76a88324814847"
    },
    "@std/assert@1.0.18": {
      "integrity": "270245e9c2c13b446286de475131dc688ca9abcd94fc5db41d43a219b34d1c78",
      "dependencies": [
        "jsr:@std/internal@^1.0.12"
      ]
    },
    "@std/assert@1.0.19": {
      "integrity": "eaada96ee120cb980bc47e040f82814d786fe8162ecc53c91d8df60b8755991e",
      "dependencies": [
        "jsr:@std/internal@^1.0.12"
      ]
    },
    "@std/async@1.3.0": {
      "integrity": "80485538a4f7baaa46bfe2246168069e02ed142b9f9079cd164f43bb060ad9e9",
      "dependencies": [
        "jsr:@std/data-structures"
      ]
    },
    "@std/bytes@1.0.6": {
      "integrity": "f6ac6adbd8ccd99314045f5703e23af0a68d7f7e58364b47d2c7f408aeb5820a"
    },
    "@std/cli@1.0.29": {
      "integrity": "fa4ef29130baa834d8a13b7d138240c3a2fcfba740bfb7afa646a360a15ec84f"
    },
    "@std/crypto@1.1.0": {
      "integrity": "b8d6d0a6377a32b213af2661ed7bf1062d94feac0c57def5526a8e74a95c3ec8"
    },
    "@std/data-structures@1.0.11": {
      "integrity": "53b98ed7efa61f107dfc14244bd2ec5557f7f7ee0bbaef6d449d7937facacb89"
    },
    "@std/encoding@1.0.10": {
      "integrity": "8783c6384a2d13abd5e9e87a7ae0520a30e9f56aeeaa3bdf910a3eaaf5c811a1"
    },
    "@std/fmt@1.0.10": {
      "integrity": "90dfba288802ac6de82fb31d0917eb9e4450b9925b954d5e51fc29ac07419db5"
    },
    "@std/fs@1.0.19": {
      "integrity": "051968c2b1eae4d2ea9f79a08a3845740ef6af10356aff43d3e2ef11ed09fb06",
      "dependencies": [
        "jsr:@std/internal@^1.0.9",
        "jsr:@std/path@^1.1.1"
      ]
    },
    "@std/fs@1.0.23": {
      "integrity": "3ecbae4ce4fee03b180fa710caff36bb5adb66631c46a6460aaad49515565a37"
    },
    "@std/html@1.0.6": {
      "integrity": "eaf759c8141e0733ca30eb49e4c08d8e6ca442b85c4d51f9894a56f502993e08"
    },
    "@std/http@1.1.0": {
      "integrity": "265cd9a589fea924c5bb0bbed8bebb4bb2fa19129f760bd014e78dbd7a365a51",
      "dependencies": [
        "jsr:@std/cli",
        "jsr:@std/encoding@^1.0.10",
        "jsr:@std/fmt",
        "jsr:@std/fs@^1.0.23",
        "jsr:@std/html",
        "jsr:@std/media-types",
        "jsr:@std/net",
        "jsr:@std/path@^1.1.4",
        "jsr:@std/streams@^1.1.0"
      ]
    },
    "@std/internal@1.0.12": {
      "integrity": "972a634fd5bc34b242024402972cd5143eac68d8dffaca5eaa4dba30ce17b027"
    },
    "@std/media-types@1.1.0": {
      "integrity": "c9d093f0c05c3512932b330e3cc1fe1d627b301db33a4c2c2185c02471d6eaa4"
    },
    "@std/net@1.0.6": {
      "integrity": "110735f93e95bb9feb95790a8b1d1bf69ec0dc74f3f97a00a76ea5efea25500c"
    },
    "@std/path@1.1.2": {
      "integrity": "c0b13b97dfe06546d5e16bf3966b1cadf92e1cc83e56ba5476ad8b498d9e3038",
      "dependencies": [
        "jsr:@std/internal@^1.0.10"
      ]
    },
    "@std/path@1.1.4": {
      "integrity": "1d2d43f39efb1b42f0b1882a25486647cb851481862dc7313390b2bb044314b5",
      "dependencies": [
        "jsr:@std/internal@^1.0.12"
      ]
    },
    "@std/streams@1.0.12": {
      "integrity": "ae925fa1dc459b1abf5cbaa28cc5c7b0485853af3b2a384b0dc22d86e59dfbf4",
      "dependencies": [
        "jsr:@std/bytes@^1.0.6"
      ]
    },
    "@std/streams@1.1.0": {
      "integrity": "2f7024d841f343fd478afe0c958a3f0f068ef2a0d2bcc954f550f97ac1fa22e3"
    },
    "@std/testing@1.0.17": {
      "integrity": "87bdc2700fa98249d48a17cd72413352d3d3680dcfbdb64947fd0982d6bbf681",
      "dependencies": [
        "jsr:@std/assert@^1.0.17",
        "jsr:@std/internal@^1.0.12"
      ]
    },
    "@std/uuid@1.1.1": {
      "integrity": "7b49060282d90f72fec64952f8c7a2914cbe6fdba3eca665f8cedc90830154a7",
      "dependencies": [
        "jsr:@std/bytes@^1.0.6",
        "jsr:@std/crypto"
      ]
    }
  },
  "npm": {
    "@jsr/nomadshiba__codec@0.2.0": {
      "integrity": "sha512-Haj1hCXuy2he0hCG52wuIpdk+ZEEzhsVpcdRa4NH2WPDKN20wyFwvgJeY6MMBrSXJpDeOzo0I4/A8D3ZfnDHyg==",
      "tarball": "https://npm.jsr.io/~/11/@jsr/nomadshiba__codec/0.2.0.tgz"
    }
  },
  "remote": {
    "https://deno.land/x/sqlite@v3.9.1/build/sqlite.js": "2afc7875c7b9c85d89730c4a311ab3a304e5d1bf761fbadd8c07bbdf130f5f9b",
    "https://deno.land/x/sqlite@v3.9.1/build/vfs.js": "7f7778a9fe499cd10738d6e43867340b50b67d3e39142b0065acd51a84cd2e03",
    "https://deno.land/x/sqlite@v3.9.1/mod.ts": "e09fc79d8065fe222578114b109b1fd60077bff1bb75448532077f784f4d6a83",
    "https://deno.land/x/sqlite@v3.9.1/src/constants.ts": "90f3be047ec0a89bcb5d6fc30db121685fc82cb00b1c476124ff47a4b0472aa9",
    "https://deno.land/x/sqlite@v3.9.1/src/db.ts": "03d0c860957496eadedd86e51a6e650670764630e64f56df0092e86c90752401",
    "https://deno.land/x/sqlite@v3.9.1/src/error.ts": "f7a15cb00d7c3797da1aefee3cf86d23e0ae92e73f0ba3165496c3816ab9503a",
    "https://deno.land/x/sqlite@v3.9.1/src/function.ts": "bc778cab7a6d771f690afa27264c524d22fcb96f1bb61959ade7922c15a4ab8d",
    "https://deno.land/x/sqlite@v3.9.1/src/query.ts": "d58abda928f6582d77bad685ecf551b1be8a15e8e38403e293ec38522e030cad",
    "https://deno.land/x/sqlite@v3.9.1/src/wasm.ts": "e79d0baa6e42423257fb3c7cc98091c54399254867e0f34a09b5bdef37bd9487"
  },
  "workspace": {
    "dependencies": [
      "jsr:@noble/curves@1.9.0",
      "jsr:@noble/hashes@1.8.0",
      "jsr:@noble/secp256k1@2.3.0",
      "jsr:@nomadshiba/codec@0.3.0-preview.12",
      "jsr:@purifyjs/core@0.4",
      "jsr:@std/assert@^1.0.19",
      "jsr:@std/async@^1.3.0",
      "jsr:@std/bytes@1.0.6",
      "jsr:@std/encoding@1.0.10",
      "jsr:@std/fs@1.0.19",
      "jsr:@std/http@^1.1.0",
      "jsr:@std/path@1.1.2",
      "jsr:@std/streams@1.0.12",
      "jsr:@std/uuid@^1.1.1"
    ]
  }
}
